
Microsoft Visual Studio Solution File, Format Version 12.00
# Visual Studio Version 16
VisualStudioVersion = 16.0.30320.27
MinimumVisualStudioVersion = 10.0.40219.1
Project("{FAE04EC0-301F-11D3-BF4B-00C04F79EFBC}") = "XamarinCosmosDB.UWP", "XamarinCosmosDB.UWP\XamarinCosmosDB.UWP.csproj", "{9064606A-875B-45BD-8CB2-B03740FA3364}"
EndProject
Project("{FAE04EC0-301F-11D3-BF4B-00C04F79EFBC}") = "XamarinCosmosDB.Android", "XamarinCosmosDB.Android\XamarinCosmosDB.Android.csproj", "{4AEBAF09-9554-4020-84CE-01DFD6D3195B}"
EndProject
Project("{FAE04EC0-301F-11D3-BF4B-00C04F79EFBC}") = "XamarinCosmosDB.iOS", "XamarinCosmosDB.iOS\XamarinCosmosDB.iOS.csproj", "{0986E665-2A5F-4DBD-8DFC-9C6A1DCF4431}"
EndProject
Project("{FAE04EC0-301F-11D3-BF4B-00C04F79EFBC}") = "XamarinCosmosDB", "XamarinCosmosDB\XamarinCosmosDB.csproj", "{6219645B-A6AE-414F-91CF-4BFDA6602D9F}"
EndProject
Project("{FAE04EC0-301F-11D3-BF4B-00C04F79EFBC}") = "CosmosResourceTokenProvider", "..\CosmosResourceTokenProvider\CosmosResourceTokenProvider.csproj", "{8F49072B-182E-4306-BAF7-48000D29CABB}"
EndProject
Project("{2150E333-8FDC-42A3-9474-1A3956D46DE8}") = "AzureFunction", "AzureFunction", "{6E94AF8B-8A47-4D5C-8112-22F84FDC6BFA}"
EndProject
Global
	GlobalSection(SolutionConfigurationPlatforms) = preSolution
		Debug|Any CPU = Debug|Any CPU
		Debug|ARM = Debug|ARM
		Debug|iPhone = Debug|iPhone
		Debug|iPhoneSimulator = Debug|iPhoneSimulator
		Debug|x64 = Debug|x64
		Debug|x86 = Debug|x86
		Release|Any CPU = Release|Any CPU
		Release|ARM = Release|ARM
		Release|iPhone = Release|iPhone
		Release|iPhoneSimulator = Release|iPhoneSimulator
		Release|x64 = Release|x64
		Release|x86 = Release|x86
	EndGlobalSection
	GlobalSection(ProjectConfigurationPlatforms) = postSolution
		{9064606A-875B-45BD-8CB2-B03740FA3364}.Debug|Any CPU.ActiveCfg = Debug|x86
		{9064606A-875B-45BD-8CB2-B03740FA3364}.Debug|Any CPU.Build.0 = Debug|x86
		{9064606A-875B-45BD-8CB2-B03740FA3364}.Debug|Any CPU.Deploy.0 = Debug|x86
		{9064606A-875B-45BD-8CB2-B03740FA3364}.Debug|ARM.ActiveCfg = Debug|ARM
		{9064606A-875B-45BD-8CB2-B03740FA3364}.Debug|ARM.Build.0 = Debug|ARM
		{9064606A-875B-45BD-8CB2-B03740FA3364}.Debug|ARM.Deploy.0 = Debug|ARM
		{9064606A-875B-45BD-8CB2-B03740FA3364}.Debug|iPhone.ActiveCfg = Debug|x86
		{9064606A-875B-45BD-8CB2-B03740FA3364}.Debug|iPhone.Build.0 = Debug|x86
		{9064606A-875B-45BD-8CB2-B03740FA3364}.Debug|iPhone.Deploy.0 = Debug|x86
		{9064606A-875B-45BD-8CB2-B03740FA3364}.Debug|iPhoneSimulator.ActiveCfg = Debug|x86
		{9064606A-875B-45BD-8CB2-B03740FA3364}.Debug|iPhoneSimulator.Build.0 = Debug|x86
		{9064606A-875B-45BD-8CB2-B03740FA3364}.Debug|iPhoneSimulator.Deploy.0 = Debug|x86
		{9064606A-875B-45BD-8CB2-B03740FA3364}.Debug|x64.ActiveCfg = Debug|x64
		{9064606A-875B-45BD-8CB2-B03740FA3364}.Debug|x64.Build.0 = Debug|x64
		{9064606A-875B-45BD-8CB2-B03740FA3364}.Debug|x64.Deploy.0 = Debug|x64
		{9064606A-875B-45BD-8CB2-B03740FA3364}.Debug|x86.ActiveCfg = Debug|x86
		{9064606A-875B-45BD-8CB2-B03740FA3364}.Debug|x86.Build.0 = Debug|x86
		{9064606A-875B-45BD-8CB2-B03740FA3364}.Debug|x86.Deploy.0 = Debug|x86
		{9064606A-875B-45BD-8CB2-B03740FA3364}.Release|Any CPU.ActiveCfg = Release|x86
		{9064606A-875B-45BD-8CB2-B03740FA3364}.Release|Any CPU.Build.0 = Release|x86
		{9064606A-875B-45BD-8CB2-B03740FA3364}.Release|Any CPU.Deploy.0 = Release|x86
		{9064606A-875B-45BD-8CB2-B03740FA3364}.Release|ARM.ActiveCfg = Release|ARM
		{9064606A-875B-45BD-8CB2-B03740FA3364}.Release|ARM.Build.0 = Release|ARM
		{9064606A-875B-45BD-8CB2-B03740FA3364}.Release|ARM.Deploy.0 = Release|ARM
		{9064606A-875B-45BD-8CB2-B03740FA3364}.Release|iPhone.ActiveCfg = Release|x86
		{9064606A-875B-45BD-8CB2-B03740FA3364}.Release|iPhone.Build.0 = Release|x86
		{9064606A-875B-45BD-8CB2-B03740FA3364}.Release|iPhone.Deploy.0 = Release|x86
		{9064606A-875B-45BD-8CB2-B03740FA3364}.Release|iPhoneSimulator.ActiveCfg = Release|x86
		{9064606A-875B-45BD-8CB2-B03740FA3364}.Release|iPhoneSimulator.Build.0 = Release|x86
		{9064606A-875B-45BD-8CB2-B03740FA3364}.Release|iPhoneSimulator.Deploy.0 = Release|x86
		{9064606A-875B-45BD-8CB2-B03740FA3364}.Release|x64.ActiveCfg = Release|x64
		{9064606A-875B-45BD-8CB2-B03740FA3364}.Release|x64.Build.0 = Release|x64
		{9064606A-875B-45BD-8CB2-B03740FA3364}.Release|x64.Deploy.0 = Release|x64
		{9064606A-875B-45BD-8CB2-B03740FA3364}.Release|x86.ActiveCfg = Release|x86
		{9064606A-875B-45BD-8CB2-B03740FA3364}.Release|x86.Build.0 = Release|x86
		{9064606A-875B-45BD-8CB2-B03740FA3364}.Release|x86.Deploy.0 = Release|x86
		{4AEBAF09-9554-4020-84CE-01DFD6D3195B}.Debug|Any CPU.ActiveCfg = Debug|Any CPU
		{4AEBAF09-9554-4020-84CE-01DFD6D3195B}.Debug|Any CPU.Build.0 = Debug|Any CPU
		{4AEBAF09-9554-4020-84CE-01DFD6D3195B}.Debug|Any CPU.Deploy.0 = Debug|Any CPU
		{4AEBAF09-9554-4020-84CE-01DFD6D3195B}.Debug|ARM.ActiveCfg = Debug|Any CPU
		{4AEBAF09-9554-4020-84CE-01DFD6D3195B}.Debug|ARM.Build.0 = Debug|Any CPU
		{4AEBAF09-9554-4020-84CE-01DFD6D3195B}.Debug|ARM.Deploy.0 = Debug|Any CPU
		{4AEBAF09-9554-4020-84CE-01DFD6D3195B}.Debug|iPhone.ActiveCfg = Debug|Any CPU
		{4AEBAF09-9554-4020-84CE-01DFD6D3195B}.Debug|iPhone.Build.0 = Debug|Any CPU
		{4AEBAF09-9554-4020-84CE-01DFD6D3195B}.Debug|iPhone.Deploy.0 = Debug|Any CPU
		{4AEBAF09-9554-4020-84CE-01DFD6D3195B}.Debug|iPhoneSimulator.ActiveCfg = Debug|Any CPU
		{4AEBAF09-9554-4020-84CE-01DFD6D3195B}.Debug|iPhoneSimulator.Build.0 = Debug|Any CPU
		{4AEBAF09-9554-4020-84CE-01DFD6D3195B}.Debug|iPhoneSimulator.Deploy.0 = Debug|Any CPU
		{4AEBAF09-9554-4020-84CE-01DFD6D3195B}.Debug|x64.ActiveCfg = Debug|Any CPU
		{4AEBAF09-9554-4020-84CE-01DFD6D3195B}.Debug|x64.Build.0 = Debug|Any CPU
		{4AEBAF09-9554-4020-84CE-01DFD6D3195B}.Debug|x64.Deploy.0 = Debug|Any CPU
		{4AEBAF09-9554-4020-84CE-01DFD6D3195B}.Debug|x86.ActiveCfg = Debug|Any CPU
		{4AEBAF09-9554-4020-84CE-01DFD6D3195B}.Debug|x86.Build.0 = Debug|Any CPU
		{4AEBAF09-9554-4020-84CE-01DFD6D3195B}.Debug|x86.Deploy.0 = Debug|Any CPU
		{4AEBAF09-9554-4020-84CE-01DFD6D3195B}.Release|Any CPU.ActiveCfg = Release|Any CPU
		{4AEBAF09-9554-4020-84CE-01DFD6D3195B}.Release|Any CPU.Build.0 = Release|Any CPU
		{4AEBAF09-9554-4020-84CE-01DFD6D3195B}.Release|Any CPU.Deploy.0 = Release|Any CPU
		{4AEBAF09-9554-4020-84CE-01DFD6D3195B}.Release|ARM.ActiveCfg = Release|Any CPU
		{4AEBAF09-9554-4020-84CE-01DFD6D3195B}.Release|ARM.Build.0 = Release|Any CPU
		{4AEBAF09-9554-4020-84CE-01DFD6D3195B}.Release|ARM.Deploy.0 = Release|Any CPU
		{4AEBAF09-9554-4020-84CE-01DFD6D3195B}.Release|iPhone.ActiveCfg = Release|Any CPU
		{4AEBAF09-9554-4020-84CE-01DFD6D3195B}.Release|iPhone.Build.0 = Release|Any CPU
		{4AEBAF09-9554-4020-84CE-01DFD6D3195B}.Release|iPhone.Deploy.0 = Release|Any CPU
		{4AEBAF09-9554-4020-84CE-01DFD6D3195B}.Release|iPhoneSimulator.ActiveCfg = Release|Any CPU
		{4AEBAF09-9554-4020-84CE-01DFD6D3195B}.Release|iPhoneSimulator.Build.0 = Release|Any CPU
		{4AEBAF09-9554-4020-84CE-01DFD6D3195B}.Release|iPhoneSimulator.Deploy.0 = Release|Any CPU
		{4AEBAF09-9554-4020-84CE-01DFD6D3195B}.Release|x64.ActiveCfg = Release|Any CPU
		{4AEBAF09-9554-4020-84CE-01DFD6D3195B}.Release|x64.Build.0 = Release|Any CPU
		{4AEBAF09-9554-4020-84CE-01DFD6D3195B}.Release|x64.Deploy.0 = Release|Any CPU
		{4AEBAF09-9554-4020-84CE-01DFD6D3195B}.Release|x86.ActiveCfg = Release|Any CPU
		{4AEBAF09-9554-4020-84CE-01DFD6D3195B}.Release|x86.Build.0 = Release|Any CPU
		{4AEBAF09-9554-4020-84CE-01DFD6D3195B}.Release|x86.Deploy.0 = Release|Any CPU
		{0986E665-2A5F-4DBD-8DFC-9C6A1DCF4431}.Debug|Any CPU.ActiveCfg = Debug|iPhone
		{0986E665-2A5F-4DBD-8DFC-9C6A1DCF4431}.Debug|Any CPU.Build.0 = Debug|iPhone
		{0986E665-2A5F-4DBD-8DFC-9C6A1DCF4431}.Debug|Any CPU.Deploy.0 = Debug|iPhone
		{0986E665-2A5F-4DBD-8DFC-9C6A1DCF4431}.Debug|ARM.ActiveCfg = Debug|iPhone
		{0986E665-2A5F-4DBD-8DFC-9C6A1DCF4431}.Debug|ARM.Build.0 = Debug|iPhone
		{0986E665-2A5F-4DBD-8DFC-9C6A1DCF4431}.Debug|ARM.Deploy.0 = Debug|iPhone
		{0986E665-2A5F-4DBD-8DFC-9C6A1DCF4431}.Debug|iPhone.ActiveCfg = Debug|iPhone
		{0986E665-2A5F-4DBD-8DFC-9C6A1DCF4431}.Debug|iPhone.Build.0 = Debug|iPhone
		{0986E665-2A5F-4DBD-8DFC-9C6A1DCF4431}.Debug|iPhone.Deploy.0 = Debug|iPhone
		{0986E665-2A5F-4DBD-8DFC-9C6A1DCF4431}.Debug|iPhoneSimulator.ActiveCfg = Debug|iPhoneSimulator
		{0986E665-2A5F-4DBD-8DFC-9C6A1DCF4431}.Debug|iPhoneSimulator.Build.0 = Debug|iPhoneSimulator
		{0986E665-2A5F-4DBD-8DFC-9C6A1DCF4431}.Debug|iPhoneSimulator.Deploy.0 = Debug|iPhoneSimulator
		{0986E665-2A5F-4DBD-8DFC-9C6A1DCF4431}.Debug|x64.ActiveCfg = Debug|iPhone
		{0986E665-2A5F-4DBD-8DFC-9C6A1DCF4431}.Debug|x64.Build.0 = Debug|iPhone
		{0986E665-2A5F-4DBD-8DFC-9C6A1DCF4431}.Debug|x64.Deploy.0 = Debug|iPhone
		{0986E665-2A5F-4DBD-8DFC-9C6A1DCF4431}.Debug|x86.ActiveCfg = Debug|iPhone
		{0986E665-2A5F-4DBD-8DFC-9C6A1DCF4431}.Debug|x86.Build.0 = Debug|iPhone
		{0986E665-2A5F-4DBD-8DFC-9C6A1DCF4431}.Debug|x86.Deploy.0 = Debug|iPhone
		{0986E665-2A5F-4DBD-8DFC-9C6A1DCF4431}.Release|Any CPU.ActiveCfg = Release|iPhone
		{0986E665-2A5F-4DBD-8DFC-9C6A1DCF4431}.Release|Any CPU.Build.0 = Release|iPhone
		{0986E665-2A5F-4DBD-8DFC-9C6A1DCF4431}.Release|Any CPU.Deploy.0 = Release|iPhone
		{0986E665-2A5F-4DBD-8DFC-9C6A1DCF4431}.Release|ARM.ActiveCfg = Release|iPhone
		{0986E665-2A5F-4DBD-8DFC-9C6A1DCF4431}.Release|ARM.Build.0 = Release|iPhone
		{0986E665-2A5F-4DBD-8DFC-9C6A1DCF4431}.Release|ARM.Deploy.0 = Release|iPhone
		{0986E665-2A5F-4DBD-8DFC-9C6A1DCF4431}.Release|iPhone.ActiveCfg = Release|iPhone
		{0986E665-2A5F-4DBD-8DFC-9C6A1DCF4431}.Release|iPhone.Build.0 = Release|iPhone
		{0986E665-2A5F-4DBD-8DFC-9C6A1DCF4431}.Release|iPhone.Deploy.0 = Release|iPhone
		{0986E665-2A5F-4DBD-8DFC-9C6A1DCF4431}.Release|iPhoneSimulator.ActiveCfg = Release|iPhoneSimulator
		{0986E665-2A5F-4DBD-8DFC-9C6A1DCF4431}.Release|iPhoneSimulator.Build.0 = Release|iPhoneSimulator
		{0986E665-2A5F-4DBD-8DFC-9C6A1DCF4431}.Release|iPhoneSimulator.Deploy.0 = Release|iPhoneSimulator
		{0986E665-2A5F-4DBD-8DFC-9C6A1DCF4431}.Release|x64.ActiveCfg = Release|iPhone
		{0986E665-2A5F-4DBD-8DFC-9C6A1DCF4431}.Release|x64.Build.0 = Release|iPhone
		{0986E665-2A5F-4DBD-8DFC-9C6A1DCF4431}.Release|x64.Deploy.0 = Release|iPhone
		{0986E665-2A5F-4DBD-8DFC-9C6A1DCF4431}.Release|x86.ActiveCfg = Release|iPhone
		{0986E665-2A5F-4DBD-8DFC-9C6A1DCF4431}.Release|x86.Build.0 = Release|iPhone
		{0986E665-2A5F-4DBD-8DFC-9C6A1DCF4431}.Release|x86.Deploy.0 = Release|iPhone
		{6219645B-A6AE-414F-91CF-4BFDA6602D9F}.Debug|Any CPU.ActiveCfg = Debug|Any CPU
		{6219645B-A6AE-414F-91CF-4BFDA6602D9F}.Debug|Any CPU.Build.0 = Debug|Any CPU
		{6219645B-A6AE-414F-91CF-4BFDA6602D9F}.Debug|Any CPU.Deploy.0 = Debug|Any CPU
		{6219645B-A6AE-414F-91CF-4BFDA6602D9F}.Debug|ARM.ActiveCfg = Debug|Any CPU
		{6219645B-A6AE-414F-91CF-4BFDA6602D9F}.Debug|ARM.Build.0 = Debug|Any CPU
		{6219645B-A6AE-414F-91CF-4BFDA6602D9F}.Debug|ARM.Deploy.0 = Debug|Any CPU
		{6219645B-A6AE-414F-91CF-4BFDA6602D9F}.Debug|iPhone.ActiveCfg = Debug|Any CPU
		{6219645B-A6AE-414F-91CF-4BFDA6602D9F}.Debug|iPhone.Build.0 = Debug|Any CPU
		{6219645B-A6AE-414F-91CF-4BFDA6602D9F}.Debug|iPhone.Deploy.0 = Debug|Any CPU
		{6219645B-A6AE-414F-91CF-4BFDA6602D9F}.Debug|iPhoneSimulator.ActiveCfg = Debug|Any CPU
		{6219645B-A6AE-414F-91CF-4BFDA6602D9F}.Debug|iPhoneSimulator.Build.0 = Debug|Any CPU
		{6219645B-A6AE-414F-91CF-4BFDA6602D9F}.Debug|iPhoneSimulator.Deploy.0 = Debug|Any CPU
		{6219645B-A6AE-414F-91CF-4BFDA6602D9F}.Debug|x64.ActiveCfg = Debug|Any CPU
		{6219645B-A6AE-414F-91CF-4BFDA6602D9F}.Debug|x64.Build.0 = Debug|Any CPU
		{6219645B-A6AE-414F-91CF-4BFDA6602D9F}.Debug|x64.Deploy.0 = Debug|Any CPU
		{6219645B-A6AE-414F-91CF-4BFDA6602D9F}.Debug|x86.ActiveCfg = Debug|Any CPU
		{6219645B-A6AE-414F-91CF-4BFDA6602D9F}.Debug|x86.Build.0 = Debug|Any CPU
		{6219645B-A6AE-414F-91CF-4BFDA6602D9F}.Debug|x86.Deploy.0 = Debug|Any CPU
		{6219645B-A6AE-414F-91CF-4BFDA6602D9F}.Release|Any CPU.ActiveCfg = Release|Any CPU
		{6219645B-A6AE-414F-91CF-4BFDA6602D9F}.Release|Any CPU.Build.0 = Release|Any CPU
		{6219645B-A6AE-414F-91CF-4BFDA6602D9F}.Release|Any CPU.Deploy.0 = Release|Any CPU
		{6219645B-A6AE-414F-91CF-4BFDA6602D9F}.Release|ARM.ActiveCfg = Release|Any CPU
		{6219645B-A6AE-414F-91CF-4BFDA6602D9F}.Release|ARM.Build.0 = Release|Any CPU
		{6219645B-A6AE-414F-91CF-4BFDA6602D9F}.Release|ARM.Deploy.0 = Release|Any CPU
		{6219645B-A6AE-414F-91CF-4BFDA6602D9F}.Release|iPhone.ActiveCfg = Release|Any CPU
		{6219645B-A6AE-414F-91CF-4BFDA6602D9F}.Release|iPhone.Build.0 = Release|Any CPU
		{6219645B-A6AE-414F-91CF-4BFDA6602D9F}.Release|iPhone.Deploy.0 = Release|Any CPU
		{6219645B-A6AE-414F-91CF-4BFDA6602D9F}.Release|iPhoneSimulator.ActiveCfg = Release|Any CPU
		{6219645B-A6AE-414F-91CF-4BFDA6602D9F}.Release|iPhoneSimulator.Build.0 = Release|Any CPU
		{6219645B-A6AE-414F-91CF-4BFDA6602D9F}.Release|iPhoneSimulator.Deploy.0 = Release|Any CPU
		{6219645B-A6AE-414F-91CF-4BFDA6602D9F}.Release|x64.ActiveCfg = Release|Any CPU
		{6219645B-A6AE-414F-91CF-4BFDA6602D9F}.Release|x64.Build.0 = Release|Any CPU
		{6219645B-A6AE-414F-91CF-4BFDA6602D9F}.Release|x64.Deploy.0 = Release|Any CPU
		{6219645B-A6AE-414F-91CF-4BFDA6602D9F}.Release|x86.ActiveCfg = Release|Any CPU
		{6219645B-A6AE-414F-91CF-4BFDA6602D9F}.Release|x86.Build.0 = Release|Any CPU
		{6219645B-A6AE-414F-91CF-4BFDA6602D9F}.Release|x86.Deploy.0 = Release|Any CPU
		{8F49072B-182E-4306-BAF7-48000D29CABB}.Debug|Any CPU.ActiveCfg = Debug|Any CPU
		{8F49072B-182E-4306-BAF7-48000D29CABB}.Debug|Any CPU.Build.0 = Debug|Any CPU
		{8F49072B-182E-4306-BAF7-48000D29CABB}.Debug|ARM.ActiveCfg = Debug|Any CPU
		{8F49072B-182E-4306-BAF7-48000D29CABB}.Debug|ARM.Build.0 = Debug|Any CPU
		{8F49072B-182E-4306-BAF7-48000D29CABB}.Debug|iPhone.ActiveCfg = Debug|Any CPU
		{8F49072B-182E-4306-BAF7-48000D29CABB}.Debug|iPhone.Build.0 = Debug|Any CPU
		{8F49072B-182E-4306-BAF7-48000D29CABB}.Debug|iPhoneSimulator.ActiveCfg = Debug|Any CPU
		{8F49072B-182E-4306-BAF7-48000D29CABB}.Debug|iPhoneSimulator.Build.0 = Debug|Any CPU
		{8F49072B-182E-4306-BAF7-48000D29CABB}.Debug|x64.ActiveCfg = Debug|Any CPU
		{8F49072B-182E-4306-BAF7-48000D29CABB}.Debug|x64.Build.0 = Debug|Any CPU
		{8F49072B-182E-4306-BAF7-48000D29CABB}.Debug|x86.ActiveCfg = Debug|Any CPU
		{8F49072B-182E-4306-BAF7-48000D29CABB}.Debug|x86.Build.0 = Debug|Any CPU
		{8F49072B-182E-4306-BAF7-48000D29CABB}.Release|Any CPU.ActiveCfg = Release|Any CPU
		{8F49072B-182E-4306-BAF7-48000D29CABB}.Release|Any CPU.Build.0 = Release|Any CPU
		{8F49072B-182E-4306-BAF7-48000D29CABB}.Release|ARM.ActiveCfg = Release|Any CPU
		{8F49072B-182E-4306-BAF7-48000D29CABB}.Release|ARM.Build.0 = Release|Any CPU
		{8F49072B-182E-4306-BAF7-48000D29CABB}.Release|iPhone.ActiveCfg = Release|Any CPU
		{8F49072B-182E-4306-BAF7-48000D29CABB}.Release|iPhone.Build.0 = Release|Any CPU
		{8F49072B-182E-4306-BAF7-48000D29CABB}.Release|iPhoneSimulator.ActiveCfg = Release|Any CPU
		{8F49072B-182E-4306-BAF7-48000D29CABB}.Release|iPhoneSimulator.Build.0 = Release|Any CPU
		{8F49072B-182E-4306-BAF7-48000D29CABB}.Release|x64.ActiveCfg = Release|Any CPU
		{8F49072B-182E-4306-BAF7-48000D29CABB}.Release|x64.Build.0 = Release|Any CPU
		{8F49072B-182E-4306-BAF7-48000D29CABB}.Release|x86.ActiveCfg = Release|Any CPU
		{8F49072B-182E-4306-BAF7-48000D29CABB}.Release|x86.Build.0 = Release|Any CPU
	EndGlobalSection
	GlobalSection(SolutionProperties) = preSolution
		HideSolutionNode = FALSE
	EndGlobalSection
	GlobalSection(NestedProjects) = preSolution
		{8F49072B-182E-4306-BAF7-48000D29CABB} = {6E94AF8B-8A47-4D5C-8112-22F84FDC6BFA}
	EndGlobalSection
	GlobalSection(ExtensibilityGlobals) = postSolution
		SolutionGuid = {0D221ED6-1392-47FB-BF6C-7F3E5B2D8465}
	EndGlobalSection
EndGlobal
